// !$*UTF8*$!
{
	archiveVersion = 1;
	classes = {
	};
	objectVersion = 56;
	objects = {

/* Begin PBXBuildFile section */
		74B721ECED6AF05892665048 /* Pods_CricBuzzMovie.framework in Frameworks */ = {isa = PBXBuildFile; fileRef = 097FC6C20DEDB18D385F894E /* Pods_CricBuzzMovie.framework */; };
		E3665B402AC82204003054DA /* UIViewController+Extension.swift in Sources */ = {isa = PBXBuildFile; fileRef = E3665B3F2AC82204003054DA /* UIViewController+Extension.swift */; };
		E3665B422AC82BB4003054DA /* CBListViewCell.swift in Sources */ = {isa = PBXBuildFile; fileRef = E3665B412AC82BB4003054DA /* CBListViewCell.swift */; };
		E3665B442AC82C00003054DA /* CBMainVM.swift in Sources */ = {isa = PBXBuildFile; fileRef = E3665B432AC82C00003054DA /* CBMainVM.swift */; };
		E3F523D62AC7FC4300D4A2D5 /* AppDelegate.swift in Sources */ = {isa = PBXBuildFile; fileRef = E3F523D52AC7FC4300D4A2D5 /* AppDelegate.swift */; };
		E3F523D82AC7FC4300D4A2D5 /* SceneDelegate.swift in Sources */ = {isa = PBXBuildFile; fileRef = E3F523D72AC7FC4300D4A2D5 /* SceneDelegate.swift */; };
		E3F523DA2AC7FC4300D4A2D5 /* ViewController.swift in Sources */ = {isa = PBXBuildFile; fileRef = E3F523D92AC7FC4300D4A2D5 /* ViewController.swift */; };
		E3F523DD2AC7FC4300D4A2D5 /* Main.storyboard in Resources */ = {isa = PBXBuildFile; fileRef = E3F523DB2AC7FC4300D4A2D5 /* Main.storyboard */; };
		E3F523DF2AC7FC4500D4A2D5 /* Assets.xcassets in Resources */ = {isa = PBXBuildFile; fileRef = E3F523DE2AC7FC4500D4A2D5 /* Assets.xcassets */; };
		E3F523E22AC7FC4500D4A2D5 /* LaunchScreen.storyboard in Resources */ = {isa = PBXBuildFile; fileRef = E3F523E02AC7FC4500D4A2D5 /* LaunchScreen.storyboard */; };
		E3F523ED2AC8165000D4A2D5 /* CBMovieTypeTVCell.swift in Sources */ = {isa = PBXBuildFile; fileRef = E3F523EB2AC8165000D4A2D5 /* CBMovieTypeTVCell.swift */; };
		E3F523EE2AC8165000D4A2D5 /* CBMovieTypeTVCell.xib in Resources */ = {isa = PBXBuildFile; fileRef = E3F523EC2AC8165000D4A2D5 /* CBMovieTypeTVCell.xib */; };
		E3F523F22AC816DB00D4A2D5 /* movies.json in Resources */ = {isa = PBXBuildFile; fileRef = E3F523F12AC816DB00D4A2D5 /* movies.json */; };
		E3F523F52AC818A900D4A2D5 /* CBMovieTypeSectionHeader.swift in Sources */ = {isa = PBXBuildFile; fileRef = E3F523F42AC818A900D4A2D5 /* CBMovieTypeSectionHeader.swift */; };
		E3F523F72AC819D400D4A2D5 /* CBMovieTypeSectionHeader.xib in Resources */ = {isa = PBXBuildFile; fileRef = E3F523F62AC819D300D4A2D5 /* CBMovieTypeSectionHeader.xib */; };
/* End PBXBuildFile section */

/* Begin PBXFileReference section */
		097FC6C20DEDB18D385F894E /* Pods_CricBuzzMovie.framework */ = {isa = PBXFileReference; explicitFileType = wrapper.framework; includeInIndex = 0; path = Pods_CricBuzzMovie.framework; sourceTree = BUILT_PRODUCTS_DIR; };
		7450BD91A8C1D29CEF550BD2 /* Pods-CricBuzzMovie.release.xcconfig */ = {isa = PBXFileReference; includeInIndex = 1; lastKnownFileType = text.xcconfig; name = "Pods-CricBuzzMovie.release.xcconfig"; path = "Target Support Files/Pods-CricBuzzMovie/Pods-CricBuzzMovie.release.xcconfig"; sourceTree = "<group>"; };
		E3665B3F2AC82204003054DA /* UIViewController+Extension.swift */ = {isa = PBXFileReference; lastKnownFileType = sourcecode.swift; path = "UIViewController+Extension.swift"; sourceTree = "<group>"; };
		E3665B412AC82BB4003054DA /* CBListViewCell.swift */ = {isa = PBXFileReference; lastKnownFileType = sourcecode.swift; path = CBListViewCell.swift; sourceTree = "<group>"; };
		E3665B432AC82C00003054DA /* CBMainVM.swift */ = {isa = PBXFileReference; lastKnownFileType = sourcecode.swift; path = CBMainVM.swift; sourceTree = "<group>"; };
		E3F523D22AC7FC4300D4A2D5 /* CricBuzzMovie.app */ = {isa = PBXFileReference; explicitFileType = wrapper.application; includeInIndex = 0; path = CricBuzzMovie.app; sourceTree = BUILT_PRODUCTS_DIR; };
		E3F523D52AC7FC4300D4A2D5 /* AppDelegate.swift */ = {isa = PBXFileReference; lastKnownFileType = sourcecode.swift; path = AppDelegate.swift; sourceTree = "<group>"; };
		E3F523D72AC7FC4300D4A2D5 /* SceneDelegate.swift */ = {isa = PBXFileReference; lastKnownFileType = sourcecode.swift; path = SceneDelegate.swift; sourceTree = "<group>"; };
		E3F523D92AC7FC4300D4A2D5 /* ViewController.swift */ = {isa = PBXFileReference; lastKnownFileType = sourcecode.swift; path = ViewController.swift; sourceTree = "<group>"; };
		E3F523DC2AC7FC4300D4A2D5 /* Base */ = {isa = PBXFileReference; lastKnownFileType = file.storyboard; name = Base; path = Base.lproj/Main.storyboard; sourceTree = "<group>"; };
		E3F523DE2AC7FC4500D4A2D5 /* Assets.xcassets */ = {isa = PBXFileReference; lastKnownFileType = folder.assetcatalog; path = Assets.xcassets; sourceTree = "<group>"; };
		E3F523E12AC7FC4500D4A2D5 /* Base */ = {isa = PBXFileReference; lastKnownFileType = file.storyboard; name = Base; path = Base.lproj/LaunchScreen.storyboard; sourceTree = "<group>"; };
		E3F523E32AC7FC4500D4A2D5 /* Info.plist */ = {isa = PBXFileReference; lastKnownFileType = text.plist.xml; path = Info.plist; sourceTree = "<group>"; };
		E3F523EB2AC8165000D4A2D5 /* CBMovieTypeTVCell.swift */ = {isa = PBXFileReference; lastKnownFileType = sourcecode.swift; path = CBMovieTypeTVCell.swift; sourceTree = "<group>"; };
		E3F523EC2AC8165000D4A2D5 /* CBMovieTypeTVCell.xib */ = {isa = PBXFileReference; lastKnownFileType = file.xib; path = CBMovieTypeTVCell.xib; sourceTree = "<group>"; };
		E3F523F12AC816DB00D4A2D5 /* movies.json */ = {isa = PBXFileReference; fileEncoding = 4; lastKnownFileType = text.json; path = movies.json; sourceTree = "<group>"; };
		E3F523F42AC818A900D4A2D5 /* CBMovieTypeSectionHeader.swift */ = {isa = PBXFileReference; lastKnownFileType = sourcecode.swift; path = CBMovieTypeSectionHeader.swift; sourceTree = "<group>"; };
		E3F523F62AC819D300D4A2D5 /* CBMovieTypeSectionHeader.xib */ = {isa = PBXFileReference; lastKnownFileType = file.xib; path = CBMovieTypeSectionHeader.xib; sourceTree = "<group>"; };
		F257817C351AE91F9A538118 /* Pods-CricBuzzMovie.debug.xcconfig */ = {isa = PBXFileReference; includeInIndex = 1; lastKnownFileType = text.xcconfig; name = "Pods-CricBuzzMovie.debug.xcconfig"; path = "Target Support Files/Pods-CricBuzzMovie/Pods-CricBuzzMovie.debug.xcconfig"; sourceTree = "<group>"; };
/* End PBXFileReference section */

/* Begin PBXFrameworksBuildPhase section */
		E3F523CF2AC7FC4300D4A2D5 /* Frameworks */ = {
			isa = PBXFrameworksBuildPhase;
			buildActionMask = 2147483647;
			files = (
				74B721ECED6AF05892665048 /* Pods_CricBuzzMovie.framework in Frameworks */,
			);
			runOnlyForDeploymentPostprocessing = 0;
		};
/* End PBXFrameworksBuildPhase section */

/* Begin PBXGroup section */
		0D51BCFB9329012DCDC52867 /* Frameworks */ = {
			isa = PBXGroup;
			children = (
				097FC6C20DEDB18D385F894E /* Pods_CricBuzzMovie.framework */,
			);
			name = Frameworks;
			sourceTree = "<group>";
		};
		84E6F2E0ED4D600693336339 /* Pods */ = {
			isa = PBXGroup;
			children = (
				F257817C351AE91F9A538118 /* Pods-CricBuzzMovie.debug.xcconfig */,
				7450BD91A8C1D29CEF550BD2 /* Pods-CricBuzzMovie.release.xcconfig */,
			);
			path = Pods;
			sourceTree = "<group>";
		};
		E3665B3E2AC821ED003054DA /* Util */ = {
			isa = PBXGroup;
			children = (
				E3665B3F2AC82204003054DA /* UIViewController+Extension.swift */,
				E3665B412AC82BB4003054DA /* CBListViewCell.swift */,
			);
			path = Util;
			sourceTree = "<group>";
		};
		E3F523C92AC7FC4300D4A2D5 = {
			isa = PBXGroup;
			children = (
				E3F523D42AC7FC4300D4A2D5 /* CricBuzzMovie */,
				E3F523D32AC7FC4300D4A2D5 /* Products */,
				84E6F2E0ED4D600693336339 /* Pods */,
				0D51BCFB9329012DCDC52867 /* Frameworks */,
			);
			sourceTree = "<group>";
		};
		E3F523D32AC7FC4300D4A2D5 /* Products */ = {
			isa = PBXGroup;
			children = (
				E3F523D22AC7FC4300D4A2D5 /* CricBuzzMovie.app */,
			);
			name = Products;
			sourceTree = "<group>";
		};
		E3F523D42AC7FC4300D4A2D5 /* CricBuzzMovie */ = {
			isa = PBXGroup;
			children = (
				E3665B3E2AC821ED003054DA /* Util */,
				E3F523F02AC816B800D4A2D5 /* DemoFile */,
				E3F523E92AC815A800D4A2D5 /* MainPage */,
				E3F523D52AC7FC4300D4A2D5 /* AppDelegate.swift */,
				E3F523D72AC7FC4300D4A2D5 /* SceneDelegate.swift */,
				E3F523DE2AC7FC4500D4A2D5 /* Assets.xcassets */,
				E3F523E02AC7FC4500D4A2D5 /* LaunchScreen.storyboard */,
				E3F523E32AC7FC4500D4A2D5 /* Info.plist */,
			);
			path = CricBuzzMovie;
			sourceTree = "<group>";
		};
		E3F523E92AC815A800D4A2D5 /* MainPage */ = {
			isa = PBXGroup;
			children = (
				E3F523EA2AC815CD00D4A2D5 /* Cell */,
				E3F523DB2AC7FC4300D4A2D5 /* Main.storyboard */,
				E3F523D92AC7FC4300D4A2D5 /* ViewController.swift */,
				E3665B432AC82C00003054DA /* CBMainVM.swift */,
			);
			path = MainPage;
			sourceTree = "<group>";
		};
		E3F523EA2AC815CD00D4A2D5 /* Cell */ = {
			isa = PBXGroup;
			children = (
				E3F523F32AC817F100D4A2D5 /* CBMovieTypeSectionHeader */,
				E3F523EF2AC8165900D4A2D5 /* CBMovieTypeTVCell */,
			);
			path = Cell;
			sourceTree = "<group>";
		};
		E3F523EF2AC8165900D4A2D5 /* CBMovieTypeTVCell */ = {
			isa = PBXGroup;
			children = (
				E3F523EC2AC8165000D4A2D5 /* CBMovieTypeTVCell.xib */,
				E3F523EB2AC8165000D4A2D5 /* CBMovieTypeTVCell.swift */,
			);
			path = CBMovieTypeTVCell;
			sourceTree = "<group>";
		};
		E3F523F02AC816B800D4A2D5 /* DemoFile */ = {
			isa = PBXGroup;
			children = (
				E3F523F12AC816DB00D4A2D5 /* movies.json */,
			);
			path = DemoFile;
			sourceTree = "<group>";
		};
		E3F523F32AC817F100D4A2D5 /* CBMovieTypeSectionHeader */ = {
			isa = PBXGroup;
			children = (
				E3F523F42AC818A900D4A2D5 /* CBMovieTypeSectionHeader.swift */,
				E3F523F62AC819D300D4A2D5 /* CBMovieTypeSectionHeader.xib */,
			);
			path = CBMovieTypeSectionHeader;
			sourceTree = "<group>";
		};
/* End PBXGroup section */

/* Begin PBXNativeTarget section */
		E3F523D12AC7FC4300D4A2D5 /* CricBuzzMovie */ = {
			isa = PBXNativeTarget;
			buildConfigurationList = E3F523E62AC7FC4500D4A2D5 /* Build configuration list for PBXNativeTarget "CricBuzzMovie" */;
			buildPhases = (
				AC8340901139DB4088D2B11B /* [CP] Check Pods Manifest.lock */,
				E3F523CE2AC7FC4300D4A2D5 /* Sources */,
				E3F523CF2AC7FC4300D4A2D5 /* Frameworks */,
				E3F523D02AC7FC4300D4A2D5 /* Resources */,
				2CE1E264065D59DC5F5AF69F /* [CP] Embed Pods Frameworks */,
			);
			buildRules = (
			);
			dependencies = (
			);
			name = CricBuzzMovie;
			productName = CricBuzzMovie;
			productReference = E3F523D22AC7FC4300D4A2D5 /* CricBuzzMovie.app */;
			productType = "com.apple.product-type.application";
		};
/* End PBXNativeTarget section */

/* Begin PBXProject section */
		E3F523CA2AC7FC4300D4A2D5 /* Project object */ = {
			isa = PBXProject;
			attributes = {
				BuildIndependentTargetsInParallel = 1;
				LastSwiftUpdateCheck = 1500;
				LastUpgradeCheck = 1500;
				TargetAttributes = {
					E3F523D12AC7FC4300D4A2D5 = {
						CreatedOnToolsVersion = 15.0;
					};
				};
			};
			buildConfigurationList = E3F523CD2AC7FC4300D4A2D5 /* Build configuration list for PBXProject "CricBuzzMovie" */;
			compatibilityVersion = "Xcode 14.0";
			developmentRegion = en;
			hasScannedForEncodings = 0;
			knownRegions = (
				en,
				Base,
			);
			mainGroup = E3F523C92AC7FC4300D4A2D5;
			productRefGroup = E3F523D32AC7FC4300D4A2D5 /* Products */;
			projectDirPath = "";
			projectRoot = "";
			targets = (
				E3F523D12AC7FC4300D4A2D5 /* CricBuzzMovie */,
			);
		};
/* End PBXProject section */

/* Begin PBXResourcesBuildPhase section */
		E3F523D02AC7FC4300D4A2D5 /* Resources */ = {
			isa = PBXResourcesBuildPhase;
			buildActionMask = 2147483647;
			files = (
				E3F523F72AC819D400D4A2D5 /* CBMovieTypeSectionHeader.xib in Resources */,
				E3F523E22AC7FC4500D4A2D5 /* LaunchScreen.storyboard in Resources */,
				E3F523DF2AC7FC4500D4A2D5 /* Assets.xcassets in Resources */,
				E3F523F22AC816DB00D4A2D5 /* movies.json in Resources */,
				E3F523DD2AC7FC4300D4A2D5 /* Main.storyboard in Resources */,
				E3F523EE2AC8165000D4A2D5 /* CBMovieTypeTVCell.xib in Resources */,
			);
			runOnlyForDeploymentPostprocessing = 0;
		};
/* End PBXResourcesBuildPhase section */

/* Begin PBXShellScriptBuildPhase section */
		2CE1E264065D59DC5F5AF69F /* [CP] Embed Pods Frameworks */ = {
			isa = PBXShellScriptBuildPhase;
			buildActionMask = 2147483647;
			files = (
			);
			inputFileListPaths = (
				"${PODS_ROOT}/Target Support Files/Pods-CricBuzzMovie/Pods-CricBuzzMovie-frameworks-${CONFIGURATION}-input-files.xcfilelist",
			);
			name = "[CP] Embed Pods Frameworks";
			outputFileListPaths = (
				"${PODS_ROOT}/Target Support Files/Pods-CricBuzzMovie/Pods-CricBuzzMovie-frameworks-${CONFIGURATION}-output-files.xcfilelist",
			);
			runOnlyForDeploymentPostprocessing = 0;
			shellPath = /bin/sh;
			shellScript = "\"${PODS_ROOT}/Target Support Files/Pods-CricBuzzMovie/Pods-CricBuzzMovie-frameworks.sh\"\n";
			showEnvVarsInLog = 0;
		};
		AC8340901139DB4088D2B11B /* [CP] Check Pods Manifest.lock */ = {
			isa = PBXShellScriptBuildPhase;
			buildActionMask = 2147483647;
			files = (
			);
			inputFileListPaths = (
			);
			inputPaths = (
				"${PODS_PODFILE_DIR_PATH}/Podfile.lock",
				"${PODS_ROOT}/Manifest.lock",
			);
			name = "[CP] Check Pods Manifest.lock";
			outputFileListPaths = (
			);
			outputPaths = (
				"$(DERIVED_FILE_DIR)/Pods-CricBuzzMovie-checkManifestLockResult.txt",
			);
			runOnlyForDeploymentPostprocessing = 0;
			shellPath = /bin/sh;
			shellScript = "diff \"${PODS_PODFILE_DIR_PATH}/Podfile.lock\" \"${PODS_ROOT}/Manifest.lock\" > /dev/null\nif [ $? != 0 ] ; then\n    # print error to STDERR\n    echo \"error: The sandbox is not in sync with the Podfile.lock. Run 'pod install' or update your CocoaPods installation.\" >&2\n    exit 1\nfi\n# This output is used by Xcode 'outputs' to avoid re-running this script phase.\necho \"SUCCESS\" > \"${SCRIPT_OUTPUT_FILE_0}\"\n";
			showEnvVarsInLog = 0;
		};
/* End PBXShellScriptBuildPhase section */

/* Begin PBXSourcesBuildPhase section */
		E3F523CE2AC7FC4300D4A2D5 /* Sources */ = {
			isa = PBXSourcesBuildPhase;
			buildActionMask = 2147483647;
			files = (
				E3665B402AC82204003054DA /* UIViewController+Extension.swift in Sources */,
				E3F523F52AC818A900D4A2D5 /* CBMovieTypeSectionHeader.swift in Sources */,
				E3F523DA2AC7FC4300D4A2D5 /* ViewController.swift in Sources */,
				E3F523D62AC7FC4300D4A2D5 /* AppDelegate.swift in Sources */,
				E3665B422AC82BB4003054DA /* CBListViewCell.swift in Sources */,
				E3F523D82AC7FC4300D4A2D5 /* SceneDelegate.swift in Sources */,
				E3665B442AC82C00003054DA /* CBMainVM.swift in Sources */,
				E3F523ED2AC8165000D4A2D5 /* CBMovieTypeTVCell.swift in Sources */,
			);
			runOnlyForDeploymentPostprocessing = 0;
		};
/* End PBXSourcesBuildPhase section */

/* Begin PBXVariantGroup section */
		E3F523DB2AC7FC4300D4A2D5 /* Main.storyboard */ = {
			isa = PBXVariantGroup;
			children = (
				E3F523DC2AC7FC4300D4A2D5 /* Base */,
			);
			name = Main.storyboard;
			sourceTree = "<group>";
		};
		E3F523E02AC7FC4500D4A2D5 /* LaunchScreen.storyboard */ = {
			isa = PBXVariantGroup;
			children = (
				E3F523E12AC7FC4500D4A2D5 /* Base */,
			);
			name = LaunchScreen.storyboard;
			sourceTree = "<group>";
		};
/* End PBXVariantGroup section */

/* Begin XCBuildConfiguration section */
		E3F523E42AC7FC4500D4A2D5 /* Debug */ = {
			isa = XCBuildConfiguration;
			buildSettings = {
				ALWAYS_SEARCH_USER_PATHS = NO;
				ASSETCATALOG_COMPILER_GENERATE_SWIFT_ASSET_SYMBOL_EXTENSIONS = YES;
				CLANG_ANALYZER_NONNULL = YES;
				CLANG_ANALYZER_NUMBER_OBJECT_CONVERSION = YES_AGGRESSIVE;
				CLANG_CXX_LANGUAGE_STANDARD = "gnu++20";
				CLANG_ENABLE_MODULES = YES;
				CLANG_ENABLE_OBJC_ARC = YES;
				CLANG_ENABLE_OBJC_WEAK = YES;
				CLANG_WARN_BLOCK_CAPTURE_AUTORELEASING = YES;
				CLANG_WARN_BOOL_CONVERSION = YES;
				CLANG_WARN_COMMA = YES;
				CLANG_WARN_CONSTANT_CONVERSION = YES;
				CLANG_WARN_DEPRECATED_OBJC_IMPLEMENTATIONS = YES;
				CLANG_WARN_DIRECT_OBJC_ISA_USAGE = YES_ERROR;
				CLANG_WARN_DOCUMENTATION_COMMENTS = YES;
				CLANG_WARN_EMPTY_BODY = YES;
				CLANG_WARN_ENUM_CONVERSION = YES;
				CLANG_WARN_INFINITE_RECURSION = YES;
				CLANG_WARN_INT_CONVERSION = YES;
				CLANG_WARN_NON_LITERAL_NULL_CONVERSION = YES;
				CLANG_WARN_OBJC_IMPLICIT_RETAIN_SELF = YES;
				CLANG_WARN_OBJC_LITERAL_CONVERSION = YES;
				CLANG_WARN_OBJC_ROOT_CLASS = YES_ERROR;
				CLANG_WARN_QUOTED_INCLUDE_IN_FRAMEWORK_HEADER = YES;
				CLANG_WARN_RANGE_LOOP_ANALYSIS = YES;
				CLANG_WARN_STRICT_PROTOTYPES = YES;
				CLANG_WARN_SUSPICIOUS_MOVE = YES;
				CLANG_WARN_UNGUARDED_AVAILABILITY = YES_AGGRESSIVE;
				CLANG_WARN_UNREACHABLE_CODE = YES;
				CLANG_WARN__DUPLICATE_METHOD_MATCH = YES;
				COPY_PHASE_STRIP = NO;
				DEBUG_INFORMATION_FORMAT = dwarf;
				ENABLE_STRICT_OBJC_MSGSEND = YES;
				ENABLE_TESTABILITY = YES;
				ENABLE_USER_SCRIPT_SANDBOXING = NO;
				GCC_C_LANGUAGE_STANDARD = gnu17;
				GCC_DYNAMIC_NO_PIC = NO;
				GCC_NO_COMMON_BLOCKS = YES;
				GCC_OPTIMIZATION_LEVEL = 0;
				GCC_PREPROCESSOR_DEFINITIONS = (
					"DEBUG=1",
					"$(inherited)",
				);
				GCC_WARN_64_TO_32_BIT_CONVERSION = YES;
				GCC_WARN_ABOUT_RETURN_TYPE = YES_ERROR;
				GCC_WARN_UNDECLARED_SELECTOR = YES;
				GCC_WARN_UNINITIALIZED_AUTOS = YES_AGGRESSIVE;
				GCC_WARN_UNUSED_FUNCTION = YES;
				GCC_WARN_UNUSED_VARIABLE = YES;
				IPHONEOS_DEPLOYMENT_TARGET = 17.0;
				LOCALIZATION_PREFERS_STRING_CATALOGS = YES;
				MTL_ENABLE_DEBUG_INFO = INCLUDE_SOURCE;
				MTL_FAST_MATH = YES;
				ONLY_ACTIVE_ARCH = YES;
				SDKROOT = iphoneos;
				SWIFT_ACTIVE_COMPILATION_CONDITIONS = "DEBUG $(inherited)";
				SWIFT_OPTIMIZATION_LEVEL = "-Onone";
			};
			name = Debug;
		};
		E3F523E52AC7FC4500D4A2D5 /* Release */ = {
			isa = XCBuildConfiguration;
			buildSettings = {
				ALWAYS_SEARCH_USER_PATHS = NO;
				ASSETCATALOG_COMPILER_GENERATE_SWIFT_ASSET_SYMBOL_EXTENSIONS = YES;
				CLANG_ANALYZER_NONNULL = YES;
				CLANG_ANALYZER_NUMBER_OBJECT_CONVERSION = YES_AGGRESSIVE;
				CLANG_CXX_LANGUAGE_STANDARD = "gnu++20";
				CLANG_ENABLE_MODULES = YES;
				CLANG_ENABLE_OBJC_ARC = YES;
				CLANG_ENABLE_OBJC_WEAK = YES;
				CLANG_WARN_BLOCK_CAPTURE_AUTORELEASING = YES;
				CLANG_WARN_BOOL_CONVERSION = YES;
				CLANG_WARN_COMMA = YES;
				CLANG_WARN_CONSTANT_CONVERSION = YES;
				CLANG_WARN_DEPRECATED_OBJC_IMPLEMENTATIONS = YES;
				CLANG_WARN_DIRECT_OBJC_ISA_USAGE = YES_ERROR;
				CLANG_WARN_DOCUMENTATION_COMMENTS = YES;
				CLANG_WARN_EMPTY_BODY = YES;
				CLANG_WARN_ENUM_CONVERSION = YES;
				CLANG_WARN_INFINITE_RECURSION = YES;
				CLANG_WARN_INT_CONVERSION = YES;
				CLANG_WARN_NON_LITERAL_NULL_CONVERSION = YES;
				CLANG_WARN_OBJC_IMPLICIT_RETAIN_SELF = YES;
				CLANG_WARN_OBJC_LITERAL_CONVERSION = YES;
				CLANG_WARN_OBJC_ROOT_CLASS = YES_ERROR;
				CLANG_WARN_QUOTED_INCLUDE_IN_FRAMEWORK_HEADER = YES;
				CLANG_WARN_RANGE_LOOP_ANALYSIS = YES;
				CLANG_WARN_STRICT_PROTOTYPES = YES;
				CLANG_WARN_SUSPICIOUS_MOVE = YES;
				CLANG_WARN_UNGUARDED_AVAILABILITY = YES_AGGRESSIVE;
				CLANG_WARN_UNREACHABLE_CODE = YES;
				CLANG_WARN__DUPLICATE_METHOD_MATCH = YES;
				COPY_PHASE_STRIP = NO;
				DEBUG_INFORMATION_FORMAT = "dwarf-with-dsym";
				ENABLE_NS_ASSERTIONS = NO;
				ENABLE_STRICT_OBJC_MSGSEND = YES;
				ENABLE_USER_SCRIPT_SANDBOXING = NO;
				GCC_C_LANGUAGE_STANDARD = gnu17;
				GCC_NO_COMMON_BLOCKS = YES;
				GCC_WARN_64_TO_32_BIT_CONVERSION = YES;
				GCC_WARN_ABOUT_RETURN_TYPE = YES_ERROR;
				GCC_WARN_UNDECLARED_SELECTOR = YES;
				GCC_WARN_UNINITIALIZED_AUTOS = YES_AGGRESSIVE;
				GCC_WARN_UNUSED_FUNCTION = YES;
				GCC_WARN_UNUSED_VARIABLE = YES;
				IPHONEOS_DEPLOYMENT_TARGET = 17.0;
				LOCALIZATION_PREFERS_STRING_CATALOGS = YES;
				MTL_ENABLE_DEBUG_INFO = NO;
				MTL_FAST_MATH = YES;
				SDKROOT = iphoneos;
				SWIFT_COMPILATION_MODE = wholemodule;
				VALIDATE_PRODUCT = YES;
			};
			name = Release;
		};
		E3F523E72AC7FC4500D4A2D5 /* Debug */ = {
			isa = XCBuildConfiguration;
			baseConfigurationReference = F257817C351AE91F9A538118 /* Pods-CricBuzzMovie.debug.xcconfig */;
			buildSettings = {
				ASSETCATALOG_COMPILER_APPICON_NAME = AppIcon;
				ASSETCATALOG_COMPILER_GLOBAL_ACCENT_COLOR_NAME = AccentColor;
				CODE_SIGN_STYLE = Automatic;
				CURRENT_PROJECT_VERSION = 1;
				DEVELOPMENT_TEAM = C88SJ52M22;
				GENERATE_INFOPLIST_FILE = YES;
				INFOPLIST_FILE = CricBuzzMovie/Info.plist;
				INFOPLIST_KEY_UIApplicationSupportsIndirectInputEvents = YES;
				INFOPLIST_KEY_UILaunchStoryboardName = LaunchScreen;
				INFOPLIST_KEY_UIMainStoryboardFile = Main;
				INFOPLIST_KEY_UISupportedInterfaceOrientations_iPad = "UIInterfaceOrientationPortrait UIInterfaceOrientationPortraitUpsideDown UIInterfaceOrientationLandscapeLeft UIInterfaceOrientationLandscapeRight";
				INFOPLIST_KEY_UISupportedInterfaceOrientations_iPhone = "UIInterfaceOrientationPortrait UIInterfaceOrientationLandscapeLeft UIInterfaceOrientationLandscapeRight";
				IPHONEOS_DEPLOYMENT_TARGET = 15.0;
				LD_RUNPATH_SEARCH_PATHS = (
					"$(inherited)",
					"@executable_path/Frameworks",
				);
				MARKETING_VERSION = 1.0;
				PRODUCT_BUNDLE_IDENTIFIER = example.CricBuzzMovie;
				PRODUCT_NAME = "$(TARGET_NAME)";
				SWIFT_EMIT_LOC_STRINGS = YES;
				SWIFT_VERSION = 5.0;
				TARGETED_DEVICE_FAMILY = "1,2";
			};
			name = Debug;
		};
		E3F523E82AC7FC4500D4A2D5 /* Release */ = {
			isa = XCBuildConfiguration;
			baseConfigurationReference = 7450BD91A8C1D29CEF550BD2 /* Pods-CricBuzzMovie.release.xcconfig */;
			buildSettings = {
				ASSETCATALOG_COMPILER_APPICON_NAME = AppIcon;
				ASSETCATALOG_COMPILER_GLOBAL_ACCENT_COLOR_NAME = AccentColor;
				CODE_SIGN_STYLE = Automatic;
				CURRENT_PROJECT_VERSION = 1;
				DEVELOPMENT_TEAM = C88SJ52M22;
				GENERATE_INFOPLIST_FILE = YES;
				INFOPLIST_FILE = CricBuzzMovie/Info.plist;
				INFOPLIST_KEY_UIApplicationSupportsIndirectInputEvents = YES;
				INFOPLIST_KEY_UILaunchStoryboardName = LaunchScreen;
				INFOPLIST_KEY_UIMainStoryboardFile = Main;
				INFOPLIST_KEY_UISupportedInterfaceOrientations_iPad = "UIInterfaceOrientationPortrait UIInterfaceOrientationPortraitUpsideDown UIInterfaceOrientationLandscapeLeft UIInterfaceOrientationLandscapeRight";
				INFOPLIST_KEY_UISupportedInterfaceOrientations_iPhone = "UIInterfaceOrientationPortrait UIInterfaceOrientationLandscapeLeft UIInterfaceOrientationLandscapeRight";
				IPHONEOS_DEPLOYMENT_TARGET = 15.0;
				LD_RUNPATH_SEARCH_PATHS = (
					"$(inherited)",
					"@executable_path/Frameworks",
				);
				MARKETING_VERSION = 1.0;
				PRODUCT_BUNDLE_IDENTIFIER = example.CricBuzzMovie;
				PRODUCT_NAME = "$(TARGET_NAME)";
				SWIFT_EMIT_LOC_STRINGS = YES;
				SWIFT_VERSION = 5.0;
				TARGETED_DEVICE_FAMILY = "1,2";
			};
			name = Release;
		};
/* End XCBuildConfiguration section */

/* Begin XCConfigurationList section */
		E3F523CD2AC7FC4300D4A2D5 /* Build configuration list for PBXProject "CricBuzzMovie" */ = {
			isa = XCConfigurationList;
			buildConfigurations = (
				E3F523E42AC7FC4500D4A2D5 /* Debug */,
				E3F523E52AC7FC4500D4A2D5 /* Release */,
			);
			defaultConfigurationIsVisible = 0;
			defaultConfigurationName = Release;
		};
		E3F523E62AC7FC4500D4A2D5 /* Build configuration list for PBXNativeTarget "CricBuzzMovie" */ = {
			isa = XCConfigurationList;
			buildConfigurations = (
				E3F523E72AC7FC4500D4A2D5 /* Debug */,
				E3F523E82AC7FC4500D4A2D5 /* Release */,
			);
			defaultConfigurationIsVisible = 0;
			defaultConfigurationName = Release;
		};
/* End XCConfigurationList section */
	};
	rootObject = E3F523CA2AC7FC4300D4A2D5 /* Project object */;
}
